
Microsoft Visual Studio Solution File, Format Version 12.00
# Visual Studio Version 16
VisualStudioVersion = 16.0.32602.291
MinimumVisualStudioVersion = 10.0.40219.1
Project("{8BC9CEB8-8B4A-11D0-8D11-00A0C91BC942}") = "ch02_1", "srcs\ch02_1\ch02_1.vcxproj", "{4B095BD0-A3E5-4259-BCAA-93585C0DB4F4}"
EndProject
Project("{8BC9CEB8-8B4A-11D0-8D11-00A0C91BC942}") = "ch02_2", "srcs\ch02_2\ch02_2.vcxproj", "{32B7E082-F029-4E13-998D-88AF716064FB}"
EndProject
Project("{8BC9CEB8-8B4A-11D0-8D11-00A0C91BC942}") = "ch02_3", "srcs\ch02_3\ch02_3.vcxproj", "{893AD472-2A80-4B01-8959-0D57967719B8}"
EndProject
Project("{8BC9CEB8-8B4A-11D0-8D11-00A0C91BC942}") = "ch03_1", "srcs\ch03_1\ch03_1.vcxproj", "{9E57BB12-8807-45B9-A4AE-6E618EFAAF98}"
EndProject
Project("{8BC9CEB8-8B4A-11D0-8D11-00A0C91BC942}") = "ch03_2", "srcs\ch03_2\ch03_2.vcxproj", "{6CA6FF79-3DC4-4A43-A3C0-9109BFE7CA24}"
EndProject
Project("{8BC9CEB8-8B4A-11D0-8D11-00A0C91BC942}") = "ch03_3", "srcs\ch03_3\ch03_3.vcxproj", "{A7C9E729-CBC8-4D41-8DBD-6B387E73864C}"
EndProject
Project("{8BC9CEB8-8B4A-11D0-8D11-00A0C91BC942}") = "ch03_4", "srcs\ch03_4\ch03_4.vcxproj", "{1D2F1F3C-B8A4-4E3A-B660-A3D478DF0A1E}"
EndProject
Project("{8BC9CEB8-8B4A-11D0-8D11-00A0C91BC942}") = "ch04", "srcs\ch04\ch04.vcxproj", "{98C9EE94-C34A-46DD-85D3-82C976F90488}"
EndProject
Project("{8BC9CEB8-8B4A-11D0-8D11-00A0C91BC942}") = "ch06_1", "srcs\ch06_1\ch06_1.vcxproj", "{ED7E1CE6-17A6-47DD-A8A1-888C51100D49}"
EndProject
Project("{8BC9CEB8-8B4A-11D0-8D11-00A0C91BC942}") = "ch06_2", "srcs\ch06_2\ch06_2.vcxproj", "{207C392F-A00C-4605-A71E-5728B2F4D635}"
EndProject
Project("{8BC9CEB8-8B4A-11D0-8D11-00A0C91BC942}") = "ch06_3", "srcs\ch06_3\ch06_3.vcxproj", "{54D64FD6-CFFC-4459-914F-435E3AF6527F}"
EndProject
Project("{8BC9CEB8-8B4A-11D0-8D11-00A0C91BC942}") = "ch07_1", "srcs\ch07_1\ch07_1.vcxproj", "{31510AB5-8A50-49F3-8F01-AFF56E7FBFBC}"
EndProject
Project("{8BC9CEB8-8B4A-11D0-8D11-00A0C91BC942}") = "ch07_2", "srcs\ch07_2\ch07_2.vcxproj", "{5204A43B-1112-4413-8182-4E468BBE95D1}"
EndProject
Project("{8BC9CEB8-8B4A-11D0-8D11-00A0C91BC942}") = "ch07_3", "srcs\ch07_3\ch07_3.vcxproj", "{DC55454E-4B87-4BF4-B280-8B16798AB3D3}"
EndProject
Project("{8BC9CEB8-8B4A-11D0-8D11-00A0C91BC942}") = "ch08_1", "srcs\ch08_1\ch08_1.vcxproj", "{5933DA56-066C-449E-84BD-D7552072926E}"
EndProject
Project("{8BC9CEB8-8B4A-11D0-8D11-00A0C91BC942}") = "ch09_1", "srcs\ch09_1\ch09_1.vcxproj", "{0018CFC6-B285-4E7D-940D-B2DC33EB9A24}"
EndProject
Project("{8BC9CEB8-8B4A-11D0-8D11-00A0C91BC942}") = "ch09_2", "srcs\ch09_2\ch09_2.vcxproj", "{8D4174F4-2D7A-408A-9105-38F234F441D1}"
EndProject
Project("{8BC9CEB8-8B4A-11D0-8D11-00A0C91BC942}") = "ch10_1", "srcs\ch10_1\ch10_1.vcxproj", "{76005298-D15A-4B53-8B63-22D4F0967AD0}"
EndProject
Project("{8BC9CEB8-8B4A-11D0-8D11-00A0C91BC942}") = "ch10_2", "srcs\ch10_2\ch10_2.vcxproj", "{809DA24B-2FDE-4B8C-8382-FB25AFE5EA4D}"
EndProject
Project("{8BC9CEB8-8B4A-11D0-8D11-00A0C91BC942}") = "ch10_3", "srcs\ch10_3\ch10_3.vcxproj", "{815CB90E-1053-4C01-B7F2-531A52D2F920}"
EndProject
Project("{8BC9CEB8-8B4A-11D0-8D11-00A0C91BC942}") = "ch12_1", "srcs\ch12_1\ch12_1.vcxproj", "{2BECA0B2-1396-410E-A9DF-D9A49B28F5A7}"
EndProject
Project("{8BC9CEB8-8B4A-11D0-8D11-00A0C91BC942}") = "ch12_2", "srcs\ch12_2\ch12_2.vcxproj", "{356457A7-F89D-459C-9C4A-551D94B1C5EB}"
EndProject
Project("{8BC9CEB8-8B4A-11D0-8D11-00A0C91BC942}") = "ch12_3", "srcs\ch12_3\ch12_3.vcxproj", "{611A021E-64C5-41DC-B472-A41AFA3610F2}"
EndProject
Project("{8BC9CEB8-8B4A-11D0-8D11-00A0C91BC942}") = "ch12_4", "srcs\ch12_4\ch12_4.vcxproj", "{7FC0E8E9-2CF2-4619-AC73-47E2EC2EC629}"
EndProject
Project("{8BC9CEB8-8B4A-11D0-8D11-00A0C91BC942}") = "ch12_5", "srcs\ch12_5\ch12_5.vcxproj", "{4DE7B724-4C50-4DB2-9AF6-AB91F17A1BC9}"
EndProject
Project("{8BC9CEB8-8B4A-11D0-8D11-00A0C91BC942}") = "ch12_6", "srcs\ch12_6\ch12_6.vcxproj", "{D196D748-9183-4EC3-8A35-65C9075E66A3}"
EndProject
Project("{8BC9CEB8-8B4A-11D0-8D11-00A0C91BC942}") = "ch12_ref", "srcs\ch12_ref\ch12_ref.vcxproj", "{DF54192C-5890-4570-A430-1586921D078C}"
EndProject
Global
	GlobalSection(SolutionConfigurationPlatforms) = preSolution
		Debug|x64 = Debug|x64
		Debug|x86 = Debug|x86
		Release|x64 = Release|x64
		Release|x86 = Release|x86
	EndGlobalSection
	GlobalSection(ProjectConfigurationPlatforms) = postSolution
		{4B095BD0-A3E5-4259-BCAA-93585C0DB4F4}.Debug|x64.ActiveCfg = Debug|x64
		{4B095BD0-A3E5-4259-BCAA-93585C0DB4F4}.Debug|x64.Build.0 = Debug|x64
		{4B095BD0-A3E5-4259-BCAA-93585C0DB4F4}.Debug|x86.ActiveCfg = Debug|Win32
		{4B095BD0-A3E5-4259-BCAA-93585C0DB4F4}.Debug|x86.Build.0 = Debug|Win32
		{4B095BD0-A3E5-4259-BCAA-93585C0DB4F4}.Release|x64.ActiveCfg = Release|x64
		{4B095BD0-A3E5-4259-BCAA-93585C0DB4F4}.Release|x64.Build.0 = Release|x64
		{4B095BD0-A3E5-4259-BCAA-93585C0DB4F4}.Release|x86.ActiveCfg = Release|Win32
		{4B095BD0-A3E5-4259-BCAA-93585C0DB4F4}.Release|x86.Build.0 = Release|Win32
		{32B7E082-F029-4E13-998D-88AF716064FB}.Debug|x64.ActiveCfg = Debug|x64
		{32B7E082-F029-4E13-998D-88AF716064FB}.Debug|x64.Build.0 = Debug|x64
		{32B7E082-F029-4E13-998D-88AF716064FB}.Debug|x86.ActiveCfg = Debug|Win32
		{32B7E082-F029-4E13-998D-88AF716064FB}.Debug|x86.Build.0 = Debug|Win32
		{32B7E082-F029-4E13-998D-88AF716064FB}.Release|x64.ActiveCfg = Release|x64
		{32B7E082-F029-4E13-998D-88AF716064FB}.Release|x64.Build.0 = Release|x64
		{32B7E082-F029-4E13-998D-88AF716064FB}.Release|x86.ActiveCfg = Release|Win32
		{32B7E082-F029-4E13-998D-88AF716064FB}.Release|x86.Build.0 = Release|Win32
		{893AD472-2A80-4B01-8959-0D57967719B8}.Debug|x64.ActiveCfg = Debug|x64
		{893AD472-2A80-4B01-8959-0D57967719B8}.Debug|x64.Build.0 = Debug|x64
		{893AD472-2A80-4B01-8959-0D57967719B8}.Debug|x86.ActiveCfg = Debug|Win32
		{893AD472-2A80-4B01-8959-0D57967719B8}.Debug|x86.Build.0 = Debug|Win32
		{893AD472-2A80-4B01-8959-0D57967719B8}.Release|x64.ActiveCfg = Release|x64
		{893AD472-2A80-4B01-8959-0D57967719B8}.Release|x64.Build.0 = Release|x64
		{893AD472-2A80-4B01-8959-0D57967719B8}.Release|x86.ActiveCfg = Release|Win32
		{893AD472-2A80-4B01-8959-0D57967719B8}.Release|x86.Build.0 = Release|Win32
		{9E57BB12-8807-45B9-A4AE-6E618EFAAF98}.Debug|x64.ActiveCfg = Debug|x64
		{9E57BB12-8807-45B9-A4AE-6E618EFAAF98}.Debug|x64.Build.0 = Debug|x64
		{9E57BB12-8807-45B9-A4AE-6E618EFAAF98}.Debug|x86.ActiveCfg = Debug|Win32
		{9E57BB12-8807-45B9-A4AE-6E618EFAAF98}.Debug|x86.Build.0 = Debug|Win32
		{9E57BB12-8807-45B9-A4AE-6E618EFAAF98}.Release|x64.ActiveCfg = Release|x64
		{9E57BB12-8807-45B9-A4AE-6E618EFAAF98}.Release|x64.Build.0 = Release|x64
		{9E57BB12-8807-45B9-A4AE-6E618EFAAF98}.Release|x86.ActiveCfg = Release|Win32
		{9E57BB12-8807-45B9-A4AE-6E618EFAAF98}.Release|x86.Build.0 = Release|Win32
		{6CA6FF79-3DC4-4A43-A3C0-9109BFE7CA24}.Debug|x64.ActiveCfg = Debug|x64
		{6CA6FF79-3DC4-4A43-A3C0-9109BFE7CA24}.Debug|x64.Build.0 = Debug|x64
		{6CA6FF79-3DC4-4A43-A3C0-9109BFE7CA24}.Debug|x86.ActiveCfg = Debug|Win32
		{6CA6FF79-3DC4-4A43-A3C0-9109BFE7CA24}.Debug|x86.Build.0 = Debug|Win32
		{6CA6FF79-3DC4-4A43-A3C0-9109BFE7CA24}.Release|x64.ActiveCfg = Release|x64
		{6CA6FF79-3DC4-4A43-A3C0-9109BFE7CA24}.Release|x64.Build.0 = Release|x64
		{6CA6FF79-3DC4-4A43-A3C0-9109BFE7CA24}.Release|x86.ActiveCfg = Release|Win32
		{6CA6FF79-3DC4-4A43-A3C0-9109BFE7CA24}.Release|x86.Build.0 = Release|Win32
		{A7C9E729-CBC8-4D41-8DBD-6B387E73864C}.Debug|x64.ActiveCfg = Debug|x64
		{A7C9E729-CBC8-4D41-8DBD-6B387E73864C}.Debug|x64.Build.0 = Debug|x64
		{A7C9E729-CBC8-4D41-8DBD-6B387E73864C}.Debug|x86.ActiveCfg = Debug|Win32
		{A7C9E729-CBC8-4D41-8DBD-6B387E73864C}.Debug|x86.Build.0 = Debug|Win32
		{A7C9E729-CBC8-4D41-8DBD-6B387E73864C}.Release|x64.ActiveCfg = Release|x64
		{A7C9E729-CBC8-4D41-8DBD-6B387E73864C}.Release|x64.Build.0 = Release|x64
		{A7C9E729-CBC8-4D41-8DBD-6B387E73864C}.Release|x86.ActiveCfg = Release|Win32
		{A7C9E729-CBC8-4D41-8DBD-6B387E73864C}.Release|x86.Build.0 = Release|Win32
		{1D2F1F3C-B8A4-4E3A-B660-A3D478DF0A1E}.Debug|x64.ActiveCfg = Debug|x64
		{1D2F1F3C-B8A4-4E3A-B660-A3D478DF0A1E}.Debug|x64.Build.0 = Debug|x64
		{1D2F1F3C-B8A4-4E3A-B660-A3D478DF0A1E}.Debug|x86.ActiveCfg = Debug|Win32
		{1D2F1F3C-B8A4-4E3A-B660-A3D478DF0A1E}.Debug|x86.Build.0 = Debug|Win32
		{1D2F1F3C-B8A4-4E3A-B660-A3D478DF0A1E}.Release|x64.ActiveCfg = Release|x64
		{1D2F1F3C-B8A4-4E3A-B660-A3D478DF0A1E}.Release|x64.Build.0 = Release|x64
		{1D2F1F3C-B8A4-4E3A-B660-A3D478DF0A1E}.Release|x86.ActiveCfg = Release|Win32
		{1D2F1F3C-B8A4-4E3A-B660-A3D478DF0A1E}.Release|x86.Build.0 = Release|Win32
		{98C9EE94-C34A-46DD-85D3-82C976F90488}.Debug|x64.ActiveCfg = Debug|x64
		{98C9EE94-C34A-46DD-85D3-82C976F90488}.Debug|x64.Build.0 = Debug|x64
		{98C9EE94-C34A-46DD-85D3-82C976F90488}.Debug|x86.ActiveCfg = Debug|Win32
		{98C9EE94-C34A-46DD-85D3-82C976F90488}.Debug|x86.Build.0 = Debug|Win32
		{98C9EE94-C34A-46DD-85D3-82C976F90488}.Release|x64.ActiveCfg = Release|x64
		{98C9EE94-C34A-46DD-85D3-82C976F90488}.Release|x64.Build.0 = Release|x64
		{98C9EE94-C34A-46DD-85D3-82C976F90488}.Release|x86.ActiveCfg = Release|Win32
		{98C9EE94-C34A-46DD-85D3-82C976F90488}.Release|x86.Build.0 = Release|Win32
		{ED7E1CE6-17A6-47DD-A8A1-888C51100D49}.Debug|x64.ActiveCfg = Debug|x64
		{ED7E1CE6-17A6-47DD-A8A1-888C51100D49}.Debug|x64.Build.0 = Debug|x64
		{ED7E1CE6-17A6-47DD-A8A1-888C51100D49}.Debug|x86.ActiveCfg = Debug|Win32
		{ED7E1CE6-17A6-47DD-A8A1-888C51100D49}.Debug|x86.Build.0 = Debug|Win32
		{ED7E1CE6-17A6-47DD-A8A1-888C51100D49}.Release|x64.ActiveCfg = Release|x64
		{ED7E1CE6-17A6-47DD-A8A1-888C51100D49}.Release|x64.Build.0 = Release|x64
		{ED7E1CE6-17A6-47DD-A8A1-888C51100D49}.Release|x86.ActiveCfg = Release|Win32
		{ED7E1CE6-17A6-47DD-A8A1-888C51100D49}.Release|x86.Build.0 = Release|Win32
		{207C392F-A00C-4605-A71E-5728B2F4D635}.Debug|x64.ActiveCfg = Debug|x64
		{207C392F-A00C-4605-A71E-5728B2F4D635}.Debug|x64.Build.0 = Debug|x64
		{207C392F-A00C-4605-A71E-5728B2F4D635}.Debug|x86.ActiveCfg = Debug|Win32
		{207C392F-A00C-4605-A71E-5728B2F4D635}.Debug|x86.Build.0 = Debug|Win32
		{207C392F-A00C-4605-A71E-5728B2F4D635}.Release|x64.ActiveCfg = Release|x64
		{207C392F-A00C-4605-A71E-5728B2F4D635}.Release|x64.Build.0 = Release|x64
		{207C392F-A00C-4605-A71E-5728B2F4D635}.Release|x86.ActiveCfg = Release|Win32
		{207C392F-A00C-4605-A71E-5728B2F4D635}.Release|x86.Build.0 = Release|Win32
		{54D64FD6-CFFC-4459-914F-435E3AF6527F}.Debug|x64.ActiveCfg = Debug|x64
		{54D64FD6-CFFC-4459-914F-435E3AF6527F}.Debug|x64.Build.0 = Debug|x64
		{54D64FD6-CFFC-4459-914F-435E3AF6527F}.Debug|x86.ActiveCfg = Debug|Win32
		{54D64FD6-CFFC-4459-914F-435E3AF6527F}.Debug|x86.Build.0 = Debug|Win32
		{54D64FD6-CFFC-4459-914F-435E3AF6527F}.Release|x64.ActiveCfg = Release|x64
		{54D64FD6-CFFC-4459-914F-435E3AF6527F}.Release|x64.Build.0 = Release|x64
		{54D64FD6-CFFC-4459-914F-435E3AF6527F}.Release|x86.ActiveCfg = Release|Win32
		{54D64FD6-CFFC-4459-914F-435E3AF6527F}.Release|x86.Build.0 = Release|Win32
		{31510AB5-8A50-49F3-8F01-AFF56E7FBFBC}.Debug|x64.ActiveCfg = Debug|x64
		{31510AB5-8A50-49F3-8F01-AFF56E7FBFBC}.Debug|x64.Build.0 = Debug|x64
		{31510AB5-8A50-49F3-8F01-AFF56E7FBFBC}.Debug|x86.ActiveCfg = Debug|Win32
		{31510AB5-8A50-49F3-8F01-AFF56E7FBFBC}.Debug|x86.Build.0 = Debug|Win32
		{31510AB5-8A50-49F3-8F01-AFF56E7FBFBC}.Release|x64.ActiveCfg = Release|x64
		{31510AB5-8A50-49F3-8F01-AFF56E7FBFBC}.Release|x64.Build.0 = Release|x64
		{31510AB5-8A50-49F3-8F01-AFF56E7FBFBC}.Release|x86.ActiveCfg = Release|Win32
		{31510AB5-8A50-49F3-8F01-AFF56E7FBFBC}.Release|x86.Build.0 = Release|Win32
		{5204A43B-1112-4413-8182-4E468BBE95D1}.Debug|x64.ActiveCfg = Debug|x64
		{5204A43B-1112-4413-8182-4E468BBE95D1}.Debug|x64.Build.0 = Debug|x64
		{5204A43B-1112-4413-8182-4E468BBE95D1}.Debug|x86.ActiveCfg = Debug|Win32
		{5204A43B-1112-4413-8182-4E468BBE95D1}.Debug|x86.Build.0 = Debug|Win32
		{5204A43B-1112-4413-8182-4E468BBE95D1}.Release|x64.ActiveCfg = Release|x64
		{5204A43B-1112-4413-8182-4E468BBE95D1}.Release|x64.Build.0 = Release|x64
		{5204A43B-1112-4413-8182-4E468BBE95D1}.Release|x86.ActiveCfg = Release|Win32
		{5204A43B-1112-4413-8182-4E468BBE95D1}.Release|x86.Build.0 = Release|Win32
		{DC55454E-4B87-4BF4-B280-8B16798AB3D3}.Debug|x64.ActiveCfg = Debug|x64
		{DC55454E-4B87-4BF4-B280-8B16798AB3D3}.Debug|x64.Build.0 = Debug|x64
		{DC55454E-4B87-4BF4-B280-8B16798AB3D3}.Debug|x86.ActiveCfg = Debug|Win32
		{DC55454E-4B87-4BF4-B280-8B16798AB3D3}.Debug|x86.Build.0 = Debug|Win32
		{DC55454E-4B87-4BF4-B280-8B16798AB3D3}.Release|x64.ActiveCfg = Release|x64
		{DC55454E-4B87-4BF4-B280-8B16798AB3D3}.Release|x64.Build.0 = Release|x64
		{DC55454E-4B87-4BF4-B280-8B16798AB3D3}.Release|x86.ActiveCfg = Release|Win32
		{DC55454E-4B87-4BF4-B280-8B16798AB3D3}.Release|x86.Build.0 = Release|Win32
		{5933DA56-066C-449E-84BD-D7552072926E}.Debug|x64.ActiveCfg = Debug|x64
		{5933DA56-066C-449E-84BD-D7552072926E}.Debug|x64.Build.0 = Debug|x64
		{5933DA56-066C-449E-84BD-D7552072926E}.Debug|x86.ActiveCfg = Debug|Win32
		{5933DA56-066C-449E-84BD-D7552072926E}.Debug|x86.Build.0 = Debug|Win32
		{5933DA56-066C-449E-84BD-D7552072926E}.Release|x64.ActiveCfg = Release|x64
		{5933DA56-066C-449E-84BD-D7552072926E}.Release|x64.Build.0 = Release|x64
		{5933DA56-066C-449E-84BD-D7552072926E}.Release|x86.ActiveCfg = Release|Win32
		{5933DA56-066C-449E-84BD-D7552072926E}.Release|x86.Build.0 = Release|Win32
		{0018CFC6-B285-4E7D-940D-B2DC33EB9A24}.Debug|x64.ActiveCfg = Debug|x64
		{0018CFC6-B285-4E7D-940D-B2DC33EB9A24}.Debug|x64.Build.0 = Debug|x64
		{0018CFC6-B285-4E7D-940D-B2DC33EB9A24}.Debug|x86.ActiveCfg = Debug|Win32
		{0018CFC6-B285-4E7D-940D-B2DC33EB9A24}.Debug|x86.Build.0 = Debug|Win32
		{0018CFC6-B285-4E7D-940D-B2DC33EB9A24}.Release|x64.ActiveCfg = Release|x64
		{0018CFC6-B285-4E7D-940D-B2DC33EB9A24}.Release|x64.Build.0 = Release|x64
		{0018CFC6-B285-4E7D-940D-B2DC33EB9A24}.Release|x86.ActiveCfg = Release|Win32
		{0018CFC6-B285-4E7D-940D-B2DC33EB9A24}.Release|x86.Build.0 = Release|Win32
		{8D4174F4-2D7A-408A-9105-38F234F441D1}.Debug|x64.ActiveCfg = Debug|x64
		{8D4174F4-2D7A-408A-9105-38F234F441D1}.Debug|x64.Build.0 = Debug|x64
		{8D4174F4-2D7A-408A-9105-38F234F441D1}.Debug|x86.ActiveCfg = Debug|Win32
		{8D4174F4-2D7A-408A-9105-38F234F441D1}.Debug|x86.Build.0 = Debug|Win32
		{8D4174F4-2D7A-408A-9105-38F234F441D1}.Release|x64.ActiveCfg = Release|x64
		{8D4174F4-2D7A-408A-9105-38F234F441D1}.Release|x64.Build.0 = Release|x64
		{8D4174F4-2D7A-408A-9105-38F234F441D1}.Release|x86.ActiveCfg = Release|Win32
		{8D4174F4-2D7A-408A-9105-38F234F441D1}.Release|x86.Build.0 = Release|Win32
		{76005298-D15A-4B53-8B63-22D4F0967AD0}.Debug|x64.ActiveCfg = Debug|x64
		{76005298-D15A-4B53-8B63-22D4F0967AD0}.Debug|x64.Build.0 = Debug|x64
		{76005298-D15A-4B53-8B63-22D4F0967AD0}.Debug|x86.ActiveCfg = Debug|Win32
		{76005298-D15A-4B53-8B63-22D4F0967AD0}.Debug|x86.Build.0 = Debug|Win32
		{76005298-D15A-4B53-8B63-22D4F0967AD0}.Release|x64.ActiveCfg = Release|x64
		{76005298-D15A-4B53-8B63-22D4F0967AD0}.Release|x64.Build.0 = Release|x64
		{76005298-D15A-4B53-8B63-22D4F0967AD0}.Release|x86.ActiveCfg = Release|Win32
		{76005298-D15A-4B53-8B63-22D4F0967AD0}.Release|x86.Build.0 = Release|Win32
		{809DA24B-2FDE-4B8C-8382-FB25AFE5EA4D}.Debug|x64.ActiveCfg = Debug|x64
		{809DA24B-2FDE-4B8C-8382-FB25AFE5EA4D}.Debug|x64.Build.0 = Debug|x64
		{809DA24B-2FDE-4B8C-8382-FB25AFE5EA4D}.Debug|x86.ActiveCfg = Debug|Win32
		{809DA24B-2FDE-4B8C-8382-FB25AFE5EA4D}.Debug|x86.Build.0 = Debug|Win32
		{809DA24B-2FDE-4B8C-8382-FB25AFE5EA4D}.Release|x64.ActiveCfg = Release|x64
		{809DA24B-2FDE-4B8C-8382-FB25AFE5EA4D}.Release|x64.Build.0 = Release|x64
		{809DA24B-2FDE-4B8C-8382-FB25AFE5EA4D}.Release|x86.ActiveCfg = Release|Win32
		{809DA24B-2FDE-4B8C-8382-FB25AFE5EA4D}.Release|x86.Build.0 = Release|Win32
		{815CB90E-1053-4C01-B7F2-531A52D2F920}.Debug|x64.ActiveCfg = Debug|x64
		{815CB90E-1053-4C01-B7F2-531A52D2F920}.Debug|x64.Build.0 = Debug|x64
		{815CB90E-1053-4C01-B7F2-531A52D2F920}.Debug|x86.ActiveCfg = Debug|Win32
		{815CB90E-1053-4C01-B7F2-531A52D2F920}.Debug|x86.Build.0 = Debug|Win32
		{815CB90E-1053-4C01-B7F2-531A52D2F920}.Release|x64.ActiveCfg = Release|x64
		{815CB90E-1053-4C01-B7F2-531A52D2F920}.Release|x64.Build.0 = Release|x64
		{815CB90E-1053-4C01-B7F2-531A52D2F920}.Release|x86.ActiveCfg = Release|Win32
		{815CB90E-1053-4C01-B7F2-531A52D2F920}.Release|x86.Build.0 = Release|Win32
		{2BECA0B2-1396-410E-A9DF-D9A49B28F5A7}.Debug|x64.ActiveCfg = Debug|x64
		{2BECA0B2-1396-410E-A9DF-D9A49B28F5A7}.Debug|x64.Build.0 = Debug|x64
		{2BECA0B2-1396-410E-A9DF-D9A49B28F5A7}.Debug|x86.ActiveCfg = Debug|Win32
		{2BECA0B2-1396-410E-A9DF-D9A49B28F5A7}.Debug|x86.Build.0 = Debug|Win32
		{2BECA0B2-1396-410E-A9DF-D9A49B28F5A7}.Release|x64.ActiveCfg = Release|x64
		{2BECA0B2-1396-410E-A9DF-D9A49B28F5A7}.Release|x64.Build.0 = Release|x64
		{2BECA0B2-1396-410E-A9DF-D9A49B28F5A7}.Release|x86.ActiveCfg = Release|Win32
		{2BECA0B2-1396-410E-A9DF-D9A49B28F5A7}.Release|x86.Build.0 = Release|Win32
		{356457A7-F89D-459C-9C4A-551D94B1C5EB}.Debug|x64.ActiveCfg = Debug|x64
		{356457A7-F89D-459C-9C4A-551D94B1C5EB}.Debug|x64.Build.0 = Debug|x64
		{356457A7-F89D-459C-9C4A-551D94B1C5EB}.Debug|x86.ActiveCfg = Debug|Win32
		{356457A7-F89D-459C-9C4A-551D94B1C5EB}.Debug|x86.Build.0 = Debug|Win32
		{356457A7-F89D-459C-9C4A-551D94B1C5EB}.Release|x64.ActiveCfg = Release|x64
		{356457A7-F89D-459C-9C4A-551D94B1C5EB}.Release|x64.Build.0 = Release|x64
		{356457A7-F89D-459C-9C4A-551D94B1C5EB}.Release|x86.ActiveCfg = Release|Win32
		{356457A7-F89D-459C-9C4A-551D94B1C5EB}.Release|x86.Build.0 = Release|Win32
		{611A021E-64C5-41DC-B472-A41AFA3610F2}.Debug|x64.ActiveCfg = Debug|x64
		{611A021E-64C5-41DC-B472-A41AFA3610F2}.Debug|x64.Build.0 = Debug|x64
		{611A021E-64C5-41DC-B472-A41AFA3610F2}.Debug|x86.ActiveCfg = Debug|Win32
		{611A021E-64C5-41DC-B472-A41AFA3610F2}.Debug|x86.Build.0 = Debug|Win32
		{611A021E-64C5-41DC-B472-A41AFA3610F2}.Release|x64.ActiveCfg = Release|x64
		{611A021E-64C5-41DC-B472-A41AFA3610F2}.Release|x64.Build.0 = Release|x64
		{611A021E-64C5-41DC-B472-A41AFA3610F2}.Release|x86.ActiveCfg = Release|Win32
		{611A021E-64C5-41DC-B472-A41AFA3610F2}.Release|x86.Build.0 = Release|Win32
		{7FC0E8E9-2CF2-4619-AC73-47E2EC2EC629}.Debug|x64.ActiveCfg = Debug|x64
		{7FC0E8E9-2CF2-4619-AC73-47E2EC2EC629}.Debug|x64.Build.0 = Debug|x64
		{7FC0E8E9-2CF2-4619-AC73-47E2EC2EC629}.Debug|x86.ActiveCfg = Debug|Win32
		{7FC0E8E9-2CF2-4619-AC73-47E2EC2EC629}.Debug|x86.Build.0 = Debug|Win32
		{7FC0E8E9-2CF2-4619-AC73-47E2EC2EC629}.Release|x64.ActiveCfg = Release|x64
		{7FC0E8E9-2CF2-4619-AC73-47E2EC2EC629}.Release|x64.Build.0 = Release|x64
		{7FC0E8E9-2CF2-4619-AC73-47E2EC2EC629}.Release|x86.ActiveCfg = Release|Win32
		{7FC0E8E9-2CF2-4619-AC73-47E2EC2EC629}.Release|x86.Build.0 = Release|Win32
		{4DE7B724-4C50-4DB2-9AF6-AB91F17A1BC9}.Debug|x64.ActiveCfg = Debug|x64
		{4DE7B724-4C50-4DB2-9AF6-AB91F17A1BC9}.Debug|x64.Build.0 = Debug|x64
		{4DE7B724-4C50-4DB2-9AF6-AB91F17A1BC9}.Debug|x86.ActiveCfg = Debug|Win32
		{4DE7B724-4C50-4DB2-9AF6-AB91F17A1BC9}.Debug|x86.Build.0 = Debug|Win32
		{4DE7B724-4C50-4DB2-9AF6-AB91F17A1BC9}.Release|x64.ActiveCfg = Release|x64
		{4DE7B724-4C50-4DB2-9AF6-AB91F17A1BC9}.Release|x64.Build.0 = Release|x64
		{4DE7B724-4C50-4DB2-9AF6-AB91F17A1BC9}.Release|x86.ActiveCfg = Release|Win32
		{4DE7B724-4C50-4DB2-9AF6-AB91F17A1BC9}.Release|x86.Build.0 = Release|Win32
		{D196D748-9183-4EC3-8A35-65C9075E66A3}.Debug|x64.ActiveCfg = Debug|x64
		{D196D748-9183-4EC3-8A35-65C9075E66A3}.Debug|x64.Build.0 = Debug|x64
		{D196D748-9183-4EC3-8A35-65C9075E66A3}.Debug|x86.ActiveCfg = Debug|Win32
		{D196D748-9183-4EC3-8A35-65C9075E66A3}.Debug|x86.Build.0 = Debug|Win32
		{D196D748-9183-4EC3-8A35-65C9075E66A3}.Release|x64.ActiveCfg = Release|x64
		{D196D748-9183-4EC3-8A35-65C9075E66A3}.Release|x64.Build.0 = Release|x64
		{D196D748-9183-4EC3-8A35-65C9075E66A3}.Release|x86.ActiveCfg = Release|Win32
		{D196D748-9183-4EC3-8A35-65C9075E66A3}.Release|x86.Build.0 = Release|Win32
		{DF54192C-5890-4570-A430-1586921D078C}.Debug|x64.ActiveCfg = Debug|x64
		{DF54192C-5890-4570-A430-1586921D078C}.Debug|x64.Build.0 = Debug|x64
		{DF54192C-5890-4570-A430-1586921D078C}.Debug|x86.ActiveCfg = Debug|Win32
		{DF54192C-5890-4570-A430-1586921D078C}.Debug|x86.Build.0 = Debug|Win32
		{DF54192C-5890-4570-A430-1586921D078C}.Release|x64.ActiveCfg = Release|x64
		{DF54192C-5890-4570-A430-1586921D078C}.Release|x64.Build.0 = Release|x64
		{DF54192C-5890-4570-A430-1586921D078C}.Release|x86.ActiveCfg = Release|Win32
		{DF54192C-5890-4570-A430-1586921D078C}.Release|x86.Build.0 = Release|Win32
	EndGlobalSection
	GlobalSection(SolutionProperties) = preSolution
		HideSolutionNode = FALSE
	EndGlobalSection
	GlobalSection(ExtensibilityGlobals) = postSolution
		SolutionGuid = {5B677DA7-4C6C-4BD6-BE45-1F725D4AB02D}
	EndGlobalSection
EndGlobal
